
Microsoft Visual Studio Solution File, Format Version 12.00
# Visual Studio Version 17
VisualStudioVersion = 17.11.35219.272
MinimumVisualStudioVersion = 10.0.40219.1
Project("{8BC9CEB8-8B4A-11D0-8D11-00A0C91BC942}") = "SimpleEngine", "SimpleEngine.vcxproj", "{2F2F095B-051E-42D9-8A75-EF12CBD076E4}"
EndProject
Global
	GlobalSection(SolutionConfigurationPlatforms) = preSolution
		Debug|x64 = Debug|x64
		Debug|x86 = Debug|x86
		Release|x64 = Release|x64
		Release|x86 = Release|x86
	EndGlobalSection
	GlobalSection(ProjectConfigurationPlatforms) = postSolution
		{2F2F095B-051E-42D9-8A75-EF12CBD076E4}.Debug|x64.ActiveCfg = Debug|x64
		{2F2F095B-051E-42D9-8A75-EF12CBD076E4}.Debug|x64.Build.0 = Debug|x64
		{2F2F095B-051E-42D9-8A75-EF12CBD076E4}.Debug|x86.ActiveCfg = Debug|Win32
		{2F2F095B-051E-42D9-8A75-EF12CBD076E4}.Debug|x86.Build.0 = Debug|Win32
		{2F2F095B-051E-42D9-8A75-EF12CBD076E4}.Release|x64.ActiveCfg = Release|x64
		{2F2F095B-051E-42D9-8A75-EF12CBD076E4}.Release|x64.Build.0 = Release|x64
		{2F2F095B-051E-42D9-8A75-EF12CBD076E4}.Release|x86.ActiveCfg = Release|Win32
		{2F2F095B-051E-42D9-8A75-EF12CBD076E4}.Release|x86.Build.0 = Release|Win32
	EndGlobalSection
	GlobalSection(SolutionProperties) = preSolution
		HideSolutionNode = FALSE
	EndGlobalSection
	GlobalSection(ExtensibilityGlobals) = postSolution
		SolutionGuid = {7534E435-E08B-4881-90FD-2DBAC0B521A4}
	EndGlobalSection
EndGlobal
